
Microsoft Visual Studio Solution File, Format Version 12.00
# Visual Studio 15
VisualStudioVersion = 15.0.26124.0
MinimumVisualStudioVersion = 15.0.26124.0
Project("{2150E333-8FDC-42A3-9474-1A3956D46DE8}") = "src", "src", "{87C4593F-751E-4D04-82DB-647C6D6F473C}"
EndProject
Project("{FAE04EC0-301F-11D3-BF4B-00C04F79EFBC}") = "ConfigConsole", "src\ConfigConsole\ConfigConsole.csproj", "{B538DD57-4B43-461D-9AC8-5C2CD067961B}"
EndProject
Global
	GlobalSection(SolutionConfigurationPlatforms) = preSolution
		Debug|Any CPU = Debug|Any CPU
		Debug|x64 = Debug|x64
		Debug|x86 = Debug|x86
		Release|Any CPU = Release|Any CPU
		Release|x64 = Release|x64
		Release|x86 = Release|x86
	EndGlobalSection
	GlobalSection(SolutionProperties) = preSolution
		HideSolutionNode = FALSE
	EndGlobalSection
	GlobalSection(ProjectConfigurationPlatforms) = postSolution
		{B538DD57-4B43-461D-9AC8-5C2CD067961B}.Debug|Any CPU.ActiveCfg = Debug|Any CPU
		{B538DD57-4B43-461D-9AC8-5C2CD067961B}.Debug|Any CPU.Build.0 = Debug|Any CPU
		{B538DD57-4B43-461D-9AC8-5C2CD067961B}.Debug|x64.ActiveCfg = Debug|Any CPU
		{B538DD57-4B43-461D-9AC8-5C2CD067961B}.Debug|x64.Build.0 = Debug|Any CPU
		{B538DD57-4B43-461D-9AC8-5C2CD067961B}.Debug|x86.ActiveCfg = Debug|Any CPU
		{B538DD57-4B43-461D-9AC8-5C2CD067961B}.Debug|x86.Build.0 = Debug|Any CPU
		{B538DD57-4B43-461D-9AC8-5C2CD067961B}.Release|Any CPU.ActiveCfg = Release|Any CPU
		{B538DD57-4B43-461D-9AC8-5C2CD067961B}.Release|Any CPU.Build.0 = Release|Any CPU
		{B538DD57-4B43-461D-9AC8-5C2CD067961B}.Release|x64.ActiveCfg = Release|Any CPU
		{B538DD57-4B43-461D-9AC8-5C2CD067961B}.Release|x64.Build.0 = Release|Any CPU
		{B538DD57-4B43-461D-9AC8-5C2CD067961B}.Release|x86.ActiveCfg = Release|Any CPU
		{B538DD57-4B43-461D-9AC8-5C2CD067961B}.Release|x86.Build.0 = Release|Any CPU
	EndGlobalSection
	GlobalSection(NestedProjects) = preSolution
		{B538DD57-4B43-461D-9AC8-5C2CD067961B} = {87C4593F-751E-4D04-82DB-647C6D6F473C}
	EndGlobalSection
EndGlobal
